
Microsoft Visual Studio Solution File, Format Version 12.00
# Visual Studio Version 16
VisualStudioVersion = 16.0.29411.108
MinimumVisualStudioVersion = 10.0.40219.1
Project("{2150E333-8FDC-42A3-9474-1A3956D46DE8}") = "FrontEnd", "FrontEnd", "{C0A65C53-8040-449C-B95C-2560583E13B5}"
EndProject
Project("{9A19103F-16F7-4668-BE54-9A1E7A4F7556}") = "Blazor.ClientApp", "FrontEnd\Blazor.Client\Blazor.ClientApp.csproj", "{338CC5E3-5F00-4DC5-8631-201DC6091409}"
EndProject
Project("{9A19103F-16F7-4668-BE54-9A1E7A4F7556}") = "Blazor.ComponentsLibrary", "FrontEnd\Blazor.ComponentsLibrary\Blazor.ComponentsLibrary.csproj", "{B6B5C250-8295-409A-8D2F-B138D2982BE1}"
EndProject
Project("{9A19103F-16F7-4668-BE54-9A1E7A4F7556}") = "Blazor.Server", "FrontEnd\Blazor.Server\Blazor.Server.csproj", "{07FD3E32-1322-4707-9811-D2657AFD2FB3}"
EndProject
Project("{9A19103F-16F7-4668-BE54-9A1E7A4F7556}") = "Blazor.ServerApp", "FrontEnd\Blazor.ServerApp\Blazor.ServerApp.csproj", "{1F90DCCD-6D75-4CA0-846C-FCD1CF6F3F05}"
EndProject
Project("{9A19103F-16F7-4668-BE54-9A1E7A4F7556}") = "Blazor.Shared", "FrontEnd\Blazor.Shared\Blazor.Shared.csproj", "{EF1D2425-FB53-47AA-A3FB-C8438C310440}"
EndProject
Project("{2150E333-8FDC-42A3-9474-1A3956D46DE8}") = "Backend", "Backend", "{6D8F89FD-FBA9-4E43-9643-3C631799E358}"
EndProject
Project("{2150E333-8FDC-42A3-9474-1A3956D46DE8}") = "BuildingBlocks", "BuildingBlocks", "{FD2E0310-BA04-43BF-93D6-33671B7F8FEB}"
EndProject
Project("{FAE04EC0-301F-11D3-BF4B-00C04F79EFBC}") = "InvilliaDDD.Core", "InvilliaDDD\InvilliaDDD.Core.csproj", "{A86936E9-6CAB-45F4-B390-3BC2A4F34D84}"
EndProject
Project("{FAE04EC0-301F-11D3-BF4B-00C04F79EFBC}") = "InvilliaDDD.HttpServices", "InvilliaDDD.HttpServices\InvilliaDDD.HttpServices.csproj", "{9A28602A-ED37-4726-9550-3B6DF93C96CF}"
EndProject
Global
	GlobalSection(SolutionConfigurationPlatforms) = preSolution
		Debug|Any CPU = Debug|Any CPU
		Release|Any CPU = Release|Any CPU
	EndGlobalSection
	GlobalSection(ProjectConfigurationPlatforms) = postSolution
		{338CC5E3-5F00-4DC5-8631-201DC6091409}.Debug|Any CPU.ActiveCfg = Debug|Any CPU
		{338CC5E3-5F00-4DC5-8631-201DC6091409}.Debug|Any CPU.Build.0 = Debug|Any CPU
		{338CC5E3-5F00-4DC5-8631-201DC6091409}.Release|Any CPU.ActiveCfg = Release|Any CPU
		{338CC5E3-5F00-4DC5-8631-201DC6091409}.Release|Any CPU.Build.0 = Release|Any CPU
		{B6B5C250-8295-409A-8D2F-B138D2982BE1}.Debug|Any CPU.ActiveCfg = Debug|Any CPU
		{B6B5C250-8295-409A-8D2F-B138D2982BE1}.Debug|Any CPU.Build.0 = Debug|Any CPU
		{B6B5C250-8295-409A-8D2F-B138D2982BE1}.Release|Any CPU.ActiveCfg = Release|Any CPU
		{B6B5C250-8295-409A-8D2F-B138D2982BE1}.Release|Any CPU.Build.0 = Release|Any CPU
		{07FD3E32-1322-4707-9811-D2657AFD2FB3}.Debug|Any CPU.ActiveCfg = Debug|Any CPU
		{07FD3E32-1322-4707-9811-D2657AFD2FB3}.Debug|Any CPU.Build.0 = Debug|Any CPU
		{07FD3E32-1322-4707-9811-D2657AFD2FB3}.Release|Any CPU.ActiveCfg = Release|Any CPU
		{07FD3E32-1322-4707-9811-D2657AFD2FB3}.Release|Any CPU.Build.0 = Release|Any CPU
		{1F90DCCD-6D75-4CA0-846C-FCD1CF6F3F05}.Debug|Any CPU.ActiveCfg = Debug|Any CPU
		{1F90DCCD-6D75-4CA0-846C-FCD1CF6F3F05}.Debug|Any CPU.Build.0 = Debug|Any CPU
		{1F90DCCD-6D75-4CA0-846C-FCD1CF6F3F05}.Release|Any CPU.ActiveCfg = Release|Any CPU
		{1F90DCCD-6D75-4CA0-846C-FCD1CF6F3F05}.Release|Any CPU.Build.0 = Release|Any CPU
		{EF1D2425-FB53-47AA-A3FB-C8438C310440}.Debug|Any CPU.ActiveCfg = Debug|Any CPU
		{EF1D2425-FB53-47AA-A3FB-C8438C310440}.Debug|Any CPU.Build.0 = Debug|Any CPU
		{EF1D2425-FB53-47AA-A3FB-C8438C310440}.Release|Any CPU.ActiveCfg = Release|Any CPU
		{EF1D2425-FB53-47AA-A3FB-C8438C310440}.Release|Any CPU.Build.0 = Release|Any CPU
		{A86936E9-6CAB-45F4-B390-3BC2A4F34D84}.Debug|Any CPU.ActiveCfg = Debug|Any CPU
		{A86936E9-6CAB-45F4-B390-3BC2A4F34D84}.Debug|Any CPU.Build.0 = Debug|Any CPU
		{A86936E9-6CAB-45F4-B390-3BC2A4F34D84}.Release|Any CPU.ActiveCfg = Release|Any CPU
		{A86936E9-6CAB-45F4-B390-3BC2A4F34D84}.Release|Any CPU.Build.0 = Release|Any CPU
		{9A28602A-ED37-4726-9550-3B6DF93C96CF}.Debug|Any CPU.ActiveCfg = Debug|Any CPU
		{9A28602A-ED37-4726-9550-3B6DF93C96CF}.Debug|Any CPU.Build.0 = Debug|Any CPU
		{9A28602A-ED37-4726-9550-3B6DF93C96CF}.Release|Any CPU.ActiveCfg = Release|Any CPU
		{9A28602A-ED37-4726-9550-3B6DF93C96CF}.Release|Any CPU.Build.0 = Release|Any CPU
	EndGlobalSection
	GlobalSection(SolutionProperties) = preSolution
		HideSolutionNode = FALSE
	EndGlobalSection
	GlobalSection(NestedProjects) = preSolution
		{338CC5E3-5F00-4DC5-8631-201DC6091409} = {C0A65C53-8040-449C-B95C-2560583E13B5}
		{B6B5C250-8295-409A-8D2F-B138D2982BE1} = {C0A65C53-8040-449C-B95C-2560583E13B5}
		{07FD3E32-1322-4707-9811-D2657AFD2FB3} = {C0A65C53-8040-449C-B95C-2560583E13B5}
		{1F90DCCD-6D75-4CA0-846C-FCD1CF6F3F05} = {C0A65C53-8040-449C-B95C-2560583E13B5}
		{EF1D2425-FB53-47AA-A3FB-C8438C310440} = {C0A65C53-8040-449C-B95C-2560583E13B5}
		{FD2E0310-BA04-43BF-93D6-33671B7F8FEB} = {6D8F89FD-FBA9-4E43-9643-3C631799E358}
		{A86936E9-6CAB-45F4-B390-3BC2A4F34D84} = {FD2E0310-BA04-43BF-93D6-33671B7F8FEB}
		{9A28602A-ED37-4726-9550-3B6DF93C96CF} = {FD2E0310-BA04-43BF-93D6-33671B7F8FEB}
	EndGlobalSection
	GlobalSection(ExtensibilityGlobals) = postSolution
		SolutionGuid = {7C3BECA9-04C6-43EA-A740-C20AF1AF7F2F}
	EndGlobalSection
EndGlobal
