
Microsoft Visual Studio Solution File, Format Version 12.00
# Visual Studio Version 16
VisualStudioVersion = 16.0.29411.108
MinimumVisualStudioVersion = 10.0.40219.1
Project("{2150E333-8FDC-42A3-9474-1A3956D46DE8}") = "FrontEnd", "FrontEnd", "{C0A65C53-8040-449C-B95C-2560583E13B5}"
EndProject
Project("{9A19103F-16F7-4668-BE54-9A1E7A4F7556}") = "Blazor.ClientApp.Legacy", "FrontEnd\Blazor.Client\Blazor.ClientApp.Legacy.csproj", "{338CC5E3-5F00-4DC5-8631-201DC6091409}"
EndProject
Project("{9A19103F-16F7-4668-BE54-9A1E7A4F7556}") = "Blazor.ComponentsLibrary", "FrontEnd\Blazor.ComponentsLibrary\Blazor.ComponentsLibrary.csproj", "{B6B5C250-8295-409A-8D2F-B138D2982BE1}"
EndProject
Project("{9A19103F-16F7-4668-BE54-9A1E7A4F7556}") = "Blazor.Server", "FrontEnd\Blazor.Server\Blazor.Server.csproj", "{07FD3E32-1322-4707-9811-D2657AFD2FB3}"
EndProject
Project("{9A19103F-16F7-4668-BE54-9A1E7A4F7556}") = "Blazor.ServerApp.Legacy", "FrontEnd\Blazor.ServerApp\Blazor.ServerApp.Legacy.csproj", "{1F90DCCD-6D75-4CA0-846C-FCD1CF6F3F05}"
EndProject
Project("{9A19103F-16F7-4668-BE54-9A1E7A4F7556}") = "Blazor.Shared", "FrontEnd\Blazor.Shared\Blazor.Shared.csproj", "{EF1D2425-FB53-47AA-A3FB-C8438C310440}"
EndProject
Project("{2150E333-8FDC-42A3-9474-1A3956D46DE8}") = "Backend", "Backend", "{6D8F89FD-FBA9-4E43-9643-3C631799E358}"
EndProject
Project("{2150E333-8FDC-42A3-9474-1A3956D46DE8}") = "BuildingBlocks", "BuildingBlocks", "{FD2E0310-BA04-43BF-93D6-33671B7F8FEB}"
EndProject
Project("{9A19103F-16F7-4668-BE54-9A1E7A4F7556}") = "InvilliaDDD.Core", "InvilliaDDD\InvilliaDDD.Core.csproj", "{A86936E9-6CAB-45F4-B390-3BC2A4F34D84}"
EndProject
Project("{9A19103F-16F7-4668-BE54-9A1E7A4F7556}") = "InvilliaDDD.HttpServices", "InvilliaDDD.HttpServices\InvilliaDDD.HttpServices.csproj", "{9A28602A-ED37-4726-9550-3B6DF93C96CF}"
EndProject
Project("{9A19103F-16F7-4668-BE54-9A1E7A4F7556}") = "InvilliaDDD.WebApi.Core", "InvilliaDDD.WebApi.Core\InvilliaDDD.WebApi.Core.csproj", "{5F17EB87-E1A0-462F-A1F1-B9D4FEA1C97A}"
EndProject
Project("{2150E333-8FDC-42A3-9474-1A3956D46DE8}") = "Services", "Services", "{A352B759-B49F-4AE3-AB81-CF228C0661C2}"
EndProject
Project("{2150E333-8FDC-42A3-9474-1A3956D46DE8}") = "GameManager", "GameManager", "{F3665936-FF2A-4A5F-BE1E-D526BB77067A}"
EndProject
Project("{2150E333-8FDC-42A3-9474-1A3956D46DE8}") = "Tests", "Tests", "{BBA598CB-C323-4681-9101-BCD7677998DB}"
EndProject
Project("{9A19103F-16F7-4668-BE54-9A1E7A4F7556}") = "InvilliaDDD.GameManager.API", "InvilliaDDD.Games.API\InvilliaDDD.GameManager.API.csproj", "{4A8AADAC-4344-4F2E-ABCE-0F93551FFA8C}"
EndProject
Project("{2150E333-8FDC-42A3-9474-1A3956D46DE8}") = "Identity", "Identity", "{D93BE5E2-42CF-4D84-BA1A-368DBE4427FC}"
EndProject
Project("{2150E333-8FDC-42A3-9474-1A3956D46DE8}") = "Tests", "Tests", "{9F64E685-AA0E-4F6F-897E-63154DC341FB}"
EndProject
Project("{9A19103F-16F7-4668-BE54-9A1E7A4F7556}") = "InvilliaDDD.Identity.API", "InvilliaDDD.Identity.API\InvilliaDDD.Identity.API.csproj", "{FA167BFF-F289-4EF0-B803-471C60AC8B07}"
EndProject
Project("{9A19103F-16F7-4668-BE54-9A1E7A4F7556}") = "InvilliaDDD.GameManager.Application", "InvilliaDDD.Games.Application\InvilliaDDD.GameManager.Application.csproj", "{1E08094B-AE56-4184-BD9E-EFA04DB0C900}"
EndProject
Project("{9A19103F-16F7-4668-BE54-9A1E7A4F7556}") = "InvilliaDDD.GameManager.Data", "InvilliaDDD.Data\InvilliaDDD.GameManager.Data.csproj", "{4C349196-1434-4596-A047-C342DA07B158}"
EndProject
Project("{9A19103F-16F7-4668-BE54-9A1E7A4F7556}") = "InvilliaDDD.GameManager.Domain", "InvilliaDDD.Games.Domain\InvilliaDDD.GameManager.Domain.csproj", "{2E7435DA-347C-4253-A2C0-DAA059F7F8DF}"
EndProject
Project("{FAE04EC0-301F-11D3-BF4B-00C04F79EFBC}") = "Blazor.ServerApp", "Blazor.ServerApp\Blazor.ServerApp.csproj", "{7064AC70-FCAF-4007-9006-C9F76E8273D1}"
EndProject
Global
	GlobalSection(SolutionConfigurationPlatforms) = preSolution
		Debug|Any CPU = Debug|Any CPU
		Release|Any CPU = Release|Any CPU
	EndGlobalSection
	GlobalSection(ProjectConfigurationPlatforms) = postSolution
		{338CC5E3-5F00-4DC5-8631-201DC6091409}.Debug|Any CPU.ActiveCfg = Debug|Any CPU
		{338CC5E3-5F00-4DC5-8631-201DC6091409}.Debug|Any CPU.Build.0 = Debug|Any CPU
		{338CC5E3-5F00-4DC5-8631-201DC6091409}.Release|Any CPU.ActiveCfg = Release|Any CPU
		{338CC5E3-5F00-4DC5-8631-201DC6091409}.Release|Any CPU.Build.0 = Release|Any CPU
		{B6B5C250-8295-409A-8D2F-B138D2982BE1}.Debug|Any CPU.ActiveCfg = Debug|Any CPU
		{B6B5C250-8295-409A-8D2F-B138D2982BE1}.Debug|Any CPU.Build.0 = Debug|Any CPU
		{B6B5C250-8295-409A-8D2F-B138D2982BE1}.Release|Any CPU.ActiveCfg = Release|Any CPU
		{B6B5C250-8295-409A-8D2F-B138D2982BE1}.Release|Any CPU.Build.0 = Release|Any CPU
		{07FD3E32-1322-4707-9811-D2657AFD2FB3}.Debug|Any CPU.ActiveCfg = Debug|Any CPU
		{07FD3E32-1322-4707-9811-D2657AFD2FB3}.Debug|Any CPU.Build.0 = Debug|Any CPU
		{07FD3E32-1322-4707-9811-D2657AFD2FB3}.Release|Any CPU.ActiveCfg = Release|Any CPU
		{07FD3E32-1322-4707-9811-D2657AFD2FB3}.Release|Any CPU.Build.0 = Release|Any CPU
		{1F90DCCD-6D75-4CA0-846C-FCD1CF6F3F05}.Debug|Any CPU.ActiveCfg = Debug|Any CPU
		{1F90DCCD-6D75-4CA0-846C-FCD1CF6F3F05}.Debug|Any CPU.Build.0 = Debug|Any CPU
		{1F90DCCD-6D75-4CA0-846C-FCD1CF6F3F05}.Release|Any CPU.ActiveCfg = Release|Any CPU
		{1F90DCCD-6D75-4CA0-846C-FCD1CF6F3F05}.Release|Any CPU.Build.0 = Release|Any CPU
		{EF1D2425-FB53-47AA-A3FB-C8438C310440}.Debug|Any CPU.ActiveCfg = Debug|Any CPU
		{EF1D2425-FB53-47AA-A3FB-C8438C310440}.Debug|Any CPU.Build.0 = Debug|Any CPU
		{EF1D2425-FB53-47AA-A3FB-C8438C310440}.Release|Any CPU.ActiveCfg = Release|Any CPU
		{EF1D2425-FB53-47AA-A3FB-C8438C310440}.Release|Any CPU.Build.0 = Release|Any CPU
		{A86936E9-6CAB-45F4-B390-3BC2A4F34D84}.Debug|Any CPU.ActiveCfg = Debug|Any CPU
		{A86936E9-6CAB-45F4-B390-3BC2A4F34D84}.Debug|Any CPU.Build.0 = Debug|Any CPU
		{A86936E9-6CAB-45F4-B390-3BC2A4F34D84}.Release|Any CPU.ActiveCfg = Release|Any CPU
		{A86936E9-6CAB-45F4-B390-3BC2A4F34D84}.Release|Any CPU.Build.0 = Release|Any CPU
		{9A28602A-ED37-4726-9550-3B6DF93C96CF}.Debug|Any CPU.ActiveCfg = Debug|Any CPU
		{9A28602A-ED37-4726-9550-3B6DF93C96CF}.Debug|Any CPU.Build.0 = Debug|Any CPU
		{9A28602A-ED37-4726-9550-3B6DF93C96CF}.Release|Any CPU.ActiveCfg = Release|Any CPU
		{9A28602A-ED37-4726-9550-3B6DF93C96CF}.Release|Any CPU.Build.0 = Release|Any CPU
		{5F17EB87-E1A0-462F-A1F1-B9D4FEA1C97A}.Debug|Any CPU.ActiveCfg = Debug|Any CPU
		{5F17EB87-E1A0-462F-A1F1-B9D4FEA1C97A}.Debug|Any CPU.Build.0 = Debug|Any CPU
		{5F17EB87-E1A0-462F-A1F1-B9D4FEA1C97A}.Release|Any CPU.ActiveCfg = Release|Any CPU
		{5F17EB87-E1A0-462F-A1F1-B9D4FEA1C97A}.Release|Any CPU.Build.0 = Release|Any CPU
		{4A8AADAC-4344-4F2E-ABCE-0F93551FFA8C}.Debug|Any CPU.ActiveCfg = Debug|Any CPU
		{4A8AADAC-4344-4F2E-ABCE-0F93551FFA8C}.Debug|Any CPU.Build.0 = Debug|Any CPU
		{4A8AADAC-4344-4F2E-ABCE-0F93551FFA8C}.Release|Any CPU.ActiveCfg = Release|Any CPU
		{4A8AADAC-4344-4F2E-ABCE-0F93551FFA8C}.Release|Any CPU.Build.0 = Release|Any CPU
		{FA167BFF-F289-4EF0-B803-471C60AC8B07}.Debug|Any CPU.ActiveCfg = Debug|Any CPU
		{FA167BFF-F289-4EF0-B803-471C60AC8B07}.Debug|Any CPU.Build.0 = Debug|Any CPU
		{FA167BFF-F289-4EF0-B803-471C60AC8B07}.Release|Any CPU.ActiveCfg = Release|Any CPU
		{FA167BFF-F289-4EF0-B803-471C60AC8B07}.Release|Any CPU.Build.0 = Release|Any CPU
		{1E08094B-AE56-4184-BD9E-EFA04DB0C900}.Debug|Any CPU.ActiveCfg = Debug|Any CPU
		{1E08094B-AE56-4184-BD9E-EFA04DB0C900}.Debug|Any CPU.Build.0 = Debug|Any CPU
		{1E08094B-AE56-4184-BD9E-EFA04DB0C900}.Release|Any CPU.ActiveCfg = Release|Any CPU
		{1E08094B-AE56-4184-BD9E-EFA04DB0C900}.Release|Any CPU.Build.0 = Release|Any CPU
		{4C349196-1434-4596-A047-C342DA07B158}.Debug|Any CPU.ActiveCfg = Debug|Any CPU
		{4C349196-1434-4596-A047-C342DA07B158}.Debug|Any CPU.Build.0 = Debug|Any CPU
		{4C349196-1434-4596-A047-C342DA07B158}.Release|Any CPU.ActiveCfg = Release|Any CPU
		{4C349196-1434-4596-A047-C342DA07B158}.Release|Any CPU.Build.0 = Release|Any CPU
		{2E7435DA-347C-4253-A2C0-DAA059F7F8DF}.Debug|Any CPU.ActiveCfg = Debug|Any CPU
		{2E7435DA-347C-4253-A2C0-DAA059F7F8DF}.Debug|Any CPU.Build.0 = Debug|Any CPU
		{2E7435DA-347C-4253-A2C0-DAA059F7F8DF}.Release|Any CPU.ActiveCfg = Release|Any CPU
		{2E7435DA-347C-4253-A2C0-DAA059F7F8DF}.Release|Any CPU.Build.0 = Release|Any CPU
		{7064AC70-FCAF-4007-9006-C9F76E8273D1}.Debug|Any CPU.ActiveCfg = Debug|Any CPU
		{7064AC70-FCAF-4007-9006-C9F76E8273D1}.Debug|Any CPU.Build.0 = Debug|Any CPU
		{7064AC70-FCAF-4007-9006-C9F76E8273D1}.Release|Any CPU.ActiveCfg = Release|Any CPU
		{7064AC70-FCAF-4007-9006-C9F76E8273D1}.Release|Any CPU.Build.0 = Release|Any CPU
	EndGlobalSection
	GlobalSection(SolutionProperties) = preSolution
		HideSolutionNode = FALSE
	EndGlobalSection
	GlobalSection(NestedProjects) = preSolution
		{338CC5E3-5F00-4DC5-8631-201DC6091409} = {C0A65C53-8040-449C-B95C-2560583E13B5}
		{B6B5C250-8295-409A-8D2F-B138D2982BE1} = {C0A65C53-8040-449C-B95C-2560583E13B5}
		{07FD3E32-1322-4707-9811-D2657AFD2FB3} = {C0A65C53-8040-449C-B95C-2560583E13B5}
		{1F90DCCD-6D75-4CA0-846C-FCD1CF6F3F05} = {C0A65C53-8040-449C-B95C-2560583E13B5}
		{EF1D2425-FB53-47AA-A3FB-C8438C310440} = {C0A65C53-8040-449C-B95C-2560583E13B5}
		{FD2E0310-BA04-43BF-93D6-33671B7F8FEB} = {6D8F89FD-FBA9-4E43-9643-3C631799E358}
		{A86936E9-6CAB-45F4-B390-3BC2A4F34D84} = {FD2E0310-BA04-43BF-93D6-33671B7F8FEB}
		{9A28602A-ED37-4726-9550-3B6DF93C96CF} = {FD2E0310-BA04-43BF-93D6-33671B7F8FEB}
		{5F17EB87-E1A0-462F-A1F1-B9D4FEA1C97A} = {FD2E0310-BA04-43BF-93D6-33671B7F8FEB}
		{A352B759-B49F-4AE3-AB81-CF228C0661C2} = {6D8F89FD-FBA9-4E43-9643-3C631799E358}
		{F3665936-FF2A-4A5F-BE1E-D526BB77067A} = {A352B759-B49F-4AE3-AB81-CF228C0661C2}
		{BBA598CB-C323-4681-9101-BCD7677998DB} = {F3665936-FF2A-4A5F-BE1E-D526BB77067A}
		{4A8AADAC-4344-4F2E-ABCE-0F93551FFA8C} = {F3665936-FF2A-4A5F-BE1E-D526BB77067A}
		{D93BE5E2-42CF-4D84-BA1A-368DBE4427FC} = {A352B759-B49F-4AE3-AB81-CF228C0661C2}
		{9F64E685-AA0E-4F6F-897E-63154DC341FB} = {D93BE5E2-42CF-4D84-BA1A-368DBE4427FC}
		{FA167BFF-F289-4EF0-B803-471C60AC8B07} = {D93BE5E2-42CF-4D84-BA1A-368DBE4427FC}
		{1E08094B-AE56-4184-BD9E-EFA04DB0C900} = {F3665936-FF2A-4A5F-BE1E-D526BB77067A}
		{4C349196-1434-4596-A047-C342DA07B158} = {F3665936-FF2A-4A5F-BE1E-D526BB77067A}
		{2E7435DA-347C-4253-A2C0-DAA059F7F8DF} = {F3665936-FF2A-4A5F-BE1E-D526BB77067A}
		{7064AC70-FCAF-4007-9006-C9F76E8273D1} = {C0A65C53-8040-449C-B95C-2560583E13B5}
	EndGlobalSection
	GlobalSection(ExtensibilityGlobals) = postSolution
		SolutionGuid = {7C3BECA9-04C6-43EA-A740-C20AF1AF7F2F}
	EndGlobalSection
EndGlobal
