
Microsoft Visual Studio Solution File, Format Version 12.00
# Visual Studio Version 16
VisualStudioVersion = 16.0.29411.108
MinimumVisualStudioVersion = 10.0.40219.1
Project("{2150E333-8FDC-42A3-9474-1A3956D46DE8}") = "Backend", "Backend", "{6D8F89FD-FBA9-4E43-9643-3C631799E358}"
EndProject
Project("{2150E333-8FDC-42A3-9474-1A3956D46DE8}") = "BuildingBlocks", "BuildingBlocks", "{FD2E0310-BA04-43BF-93D6-33671B7F8FEB}"
EndProject
Project("{9A19103F-16F7-4668-BE54-9A1E7A4F7556}") = "InvilliaDDD.Core", "InvilliaDDD\InvilliaDDD.Core.csproj", "{A86936E9-6CAB-45F4-B390-3BC2A4F34D84}"
EndProject
Project("{9A19103F-16F7-4668-BE54-9A1E7A4F7556}") = "InvilliaDDD.HttpServices", "InvilliaDDD.HttpServices\InvilliaDDD.HttpServices.csproj", "{9A28602A-ED37-4726-9550-3B6DF93C96CF}"
EndProject
Project("{9A19103F-16F7-4668-BE54-9A1E7A4F7556}") = "InvilliaDDD.WebApi.Core", "InvilliaDDD.WebApi.Core\InvilliaDDD.WebApi.Core.csproj", "{5F17EB87-E1A0-462F-A1F1-B9D4FEA1C97A}"
EndProject
Project("{2150E333-8FDC-42A3-9474-1A3956D46DE8}") = "Services", "Services", "{A352B759-B49F-4AE3-AB81-CF228C0661C2}"
EndProject
Project("{2150E333-8FDC-42A3-9474-1A3956D46DE8}") = "GameManager", "GameManager", "{F3665936-FF2A-4A5F-BE1E-D526BB77067A}"
EndProject
Project("{2150E333-8FDC-42A3-9474-1A3956D46DE8}") = "Tests", "Tests", "{BBA598CB-C323-4681-9101-BCD7677998DB}"
EndProject
Project("{9A19103F-16F7-4668-BE54-9A1E7A4F7556}") = "InvilliaDDD.GameManager.API", "InvilliaDDD.Games.API\InvilliaDDD.GameManager.API.csproj", "{4A8AADAC-4344-4F2E-ABCE-0F93551FFA8C}"
EndProject
Project("{2150E333-8FDC-42A3-9474-1A3956D46DE8}") = "Identity", "Identity", "{D93BE5E2-42CF-4D84-BA1A-368DBE4427FC}"
EndProject
Project("{2150E333-8FDC-42A3-9474-1A3956D46DE8}") = "Tests", "Tests", "{9F64E685-AA0E-4F6F-897E-63154DC341FB}"
EndProject
Project("{9A19103F-16F7-4668-BE54-9A1E7A4F7556}") = "InvilliaDDD.Identity.API", "InvilliaDDD.Identity.API\InvilliaDDD.Identity.API.csproj", "{FA167BFF-F289-4EF0-B803-471C60AC8B07}"
EndProject
Project("{9A19103F-16F7-4668-BE54-9A1E7A4F7556}") = "InvilliaDDD.GameManager.Application", "InvilliaDDD.Games.Application\InvilliaDDD.GameManager.Application.csproj", "{1E08094B-AE56-4184-BD9E-EFA04DB0C900}"
EndProject
Project("{9A19103F-16F7-4668-BE54-9A1E7A4F7556}") = "InvilliaDDD.GameManager.Data", "InvilliaDDD.Data\InvilliaDDD.GameManager.Data.csproj", "{4C349196-1434-4596-A047-C342DA07B158}"
EndProject
Project("{9A19103F-16F7-4668-BE54-9A1E7A4F7556}") = "InvilliaDDD.GameManager.Domain", "InvilliaDDD.Games.Domain\InvilliaDDD.GameManager.Domain.csproj", "{2E7435DA-347C-4253-A2C0-DAA059F7F8DF}"
EndProject
Project("{2150E333-8FDC-42A3-9474-1A3956D46DE8}") = "Solution Items", "Solution Items", "{82B77E37-B842-4019-B28A-EA7DD94E3483}"
	ProjectSection(SolutionItems) = preProject
		README.md = README.md
	EndProjectSection
EndProject
Project("{2150E333-8FDC-42A3-9474-1A3956D46DE8}") = "FrontEnd", "FrontEnd", "{06E86AFF-CDDB-4B2A-9396-894BF03AF4FA}"
EndProject
Project("{9A19103F-16F7-4668-BE54-9A1E7A4F7556}") = "InvilliaDDD.Server", "FrontEnd\InvilliaDDD.Server\InvilliaDDD.Server.csproj", "{DF62151E-3592-4F56-A33F-5FB73F9CB4C6}"
EndProject
Project("{E53339B2-1760-4266-BCC7-CA923CBCF16C}") = "docker-compose", "docker-compose.dcproj", "{6C609477-A004-4708-AC1C-4E8C4B19C3F6}"
EndProject
Global
	GlobalSection(SolutionConfigurationPlatforms) = preSolution
		Debug|Any CPU = Debug|Any CPU
		Release|Any CPU = Release|Any CPU
	EndGlobalSection
	GlobalSection(ProjectConfigurationPlatforms) = postSolution
		{A86936E9-6CAB-45F4-B390-3BC2A4F34D84}.Debug|Any CPU.ActiveCfg = Debug|Any CPU
		{A86936E9-6CAB-45F4-B390-3BC2A4F34D84}.Debug|Any CPU.Build.0 = Debug|Any CPU
		{A86936E9-6CAB-45F4-B390-3BC2A4F34D84}.Release|Any CPU.ActiveCfg = Release|Any CPU
		{A86936E9-6CAB-45F4-B390-3BC2A4F34D84}.Release|Any CPU.Build.0 = Release|Any CPU
		{9A28602A-ED37-4726-9550-3B6DF93C96CF}.Debug|Any CPU.ActiveCfg = Debug|Any CPU
		{9A28602A-ED37-4726-9550-3B6DF93C96CF}.Debug|Any CPU.Build.0 = Debug|Any CPU
		{9A28602A-ED37-4726-9550-3B6DF93C96CF}.Release|Any CPU.ActiveCfg = Release|Any CPU
		{9A28602A-ED37-4726-9550-3B6DF93C96CF}.Release|Any CPU.Build.0 = Release|Any CPU
		{5F17EB87-E1A0-462F-A1F1-B9D4FEA1C97A}.Debug|Any CPU.ActiveCfg = Debug|Any CPU
		{5F17EB87-E1A0-462F-A1F1-B9D4FEA1C97A}.Debug|Any CPU.Build.0 = Debug|Any CPU
		{5F17EB87-E1A0-462F-A1F1-B9D4FEA1C97A}.Release|Any CPU.ActiveCfg = Release|Any CPU
		{5F17EB87-E1A0-462F-A1F1-B9D4FEA1C97A}.Release|Any CPU.Build.0 = Release|Any CPU
		{4A8AADAC-4344-4F2E-ABCE-0F93551FFA8C}.Debug|Any CPU.ActiveCfg = Debug|Any CPU
		{4A8AADAC-4344-4F2E-ABCE-0F93551FFA8C}.Debug|Any CPU.Build.0 = Debug|Any CPU
		{4A8AADAC-4344-4F2E-ABCE-0F93551FFA8C}.Release|Any CPU.ActiveCfg = Release|Any CPU
		{4A8AADAC-4344-4F2E-ABCE-0F93551FFA8C}.Release|Any CPU.Build.0 = Release|Any CPU
		{FA167BFF-F289-4EF0-B803-471C60AC8B07}.Debug|Any CPU.ActiveCfg = Debug|Any CPU
		{FA167BFF-F289-4EF0-B803-471C60AC8B07}.Debug|Any CPU.Build.0 = Debug|Any CPU
		{FA167BFF-F289-4EF0-B803-471C60AC8B07}.Release|Any CPU.ActiveCfg = Release|Any CPU
		{FA167BFF-F289-4EF0-B803-471C60AC8B07}.Release|Any CPU.Build.0 = Release|Any CPU
		{1E08094B-AE56-4184-BD9E-EFA04DB0C900}.Debug|Any CPU.ActiveCfg = Debug|Any CPU
		{1E08094B-AE56-4184-BD9E-EFA04DB0C900}.Debug|Any CPU.Build.0 = Debug|Any CPU
		{1E08094B-AE56-4184-BD9E-EFA04DB0C900}.Release|Any CPU.ActiveCfg = Release|Any CPU
		{1E08094B-AE56-4184-BD9E-EFA04DB0C900}.Release|Any CPU.Build.0 = Release|Any CPU
		{4C349196-1434-4596-A047-C342DA07B158}.Debug|Any CPU.ActiveCfg = Debug|Any CPU
		{4C349196-1434-4596-A047-C342DA07B158}.Debug|Any CPU.Build.0 = Debug|Any CPU
		{4C349196-1434-4596-A047-C342DA07B158}.Release|Any CPU.ActiveCfg = Release|Any CPU
		{4C349196-1434-4596-A047-C342DA07B158}.Release|Any CPU.Build.0 = Release|Any CPU
		{2E7435DA-347C-4253-A2C0-DAA059F7F8DF}.Debug|Any CPU.ActiveCfg = Debug|Any CPU
		{2E7435DA-347C-4253-A2C0-DAA059F7F8DF}.Debug|Any CPU.Build.0 = Debug|Any CPU
		{2E7435DA-347C-4253-A2C0-DAA059F7F8DF}.Release|Any CPU.ActiveCfg = Release|Any CPU
		{2E7435DA-347C-4253-A2C0-DAA059F7F8DF}.Release|Any CPU.Build.0 = Release|Any CPU
		{DF62151E-3592-4F56-A33F-5FB73F9CB4C6}.Debug|Any CPU.ActiveCfg = Debug|Any CPU
		{DF62151E-3592-4F56-A33F-5FB73F9CB4C6}.Debug|Any CPU.Build.0 = Debug|Any CPU
		{DF62151E-3592-4F56-A33F-5FB73F9CB4C6}.Release|Any CPU.ActiveCfg = Release|Any CPU
		{DF62151E-3592-4F56-A33F-5FB73F9CB4C6}.Release|Any CPU.Build.0 = Release|Any CPU
		{6C609477-A004-4708-AC1C-4E8C4B19C3F6}.Debug|Any CPU.ActiveCfg = Debug|Any CPU
		{6C609477-A004-4708-AC1C-4E8C4B19C3F6}.Debug|Any CPU.Build.0 = Debug|Any CPU
		{6C609477-A004-4708-AC1C-4E8C4B19C3F6}.Release|Any CPU.ActiveCfg = Release|Any CPU
		{6C609477-A004-4708-AC1C-4E8C4B19C3F6}.Release|Any CPU.Build.0 = Release|Any CPU
	EndGlobalSection
	GlobalSection(SolutionProperties) = preSolution
		HideSolutionNode = FALSE
	EndGlobalSection
	GlobalSection(NestedProjects) = preSolution
		{FD2E0310-BA04-43BF-93D6-33671B7F8FEB} = {6D8F89FD-FBA9-4E43-9643-3C631799E358}
		{A86936E9-6CAB-45F4-B390-3BC2A4F34D84} = {FD2E0310-BA04-43BF-93D6-33671B7F8FEB}
		{9A28602A-ED37-4726-9550-3B6DF93C96CF} = {FD2E0310-BA04-43BF-93D6-33671B7F8FEB}
		{5F17EB87-E1A0-462F-A1F1-B9D4FEA1C97A} = {FD2E0310-BA04-43BF-93D6-33671B7F8FEB}
		{A352B759-B49F-4AE3-AB81-CF228C0661C2} = {6D8F89FD-FBA9-4E43-9643-3C631799E358}
		{F3665936-FF2A-4A5F-BE1E-D526BB77067A} = {A352B759-B49F-4AE3-AB81-CF228C0661C2}
		{BBA598CB-C323-4681-9101-BCD7677998DB} = {F3665936-FF2A-4A5F-BE1E-D526BB77067A}
		{4A8AADAC-4344-4F2E-ABCE-0F93551FFA8C} = {F3665936-FF2A-4A5F-BE1E-D526BB77067A}
		{D93BE5E2-42CF-4D84-BA1A-368DBE4427FC} = {A352B759-B49F-4AE3-AB81-CF228C0661C2}
		{9F64E685-AA0E-4F6F-897E-63154DC341FB} = {D93BE5E2-42CF-4D84-BA1A-368DBE4427FC}
		{FA167BFF-F289-4EF0-B803-471C60AC8B07} = {D93BE5E2-42CF-4D84-BA1A-368DBE4427FC}
		{1E08094B-AE56-4184-BD9E-EFA04DB0C900} = {F3665936-FF2A-4A5F-BE1E-D526BB77067A}
		{4C349196-1434-4596-A047-C342DA07B158} = {F3665936-FF2A-4A5F-BE1E-D526BB77067A}
		{2E7435DA-347C-4253-A2C0-DAA059F7F8DF} = {F3665936-FF2A-4A5F-BE1E-D526BB77067A}
		{06E86AFF-CDDB-4B2A-9396-894BF03AF4FA} = {A352B759-B49F-4AE3-AB81-CF228C0661C2}
		{DF62151E-3592-4F56-A33F-5FB73F9CB4C6} = {06E86AFF-CDDB-4B2A-9396-894BF03AF4FA}
	EndGlobalSection
	GlobalSection(ExtensibilityGlobals) = postSolution
		SolutionGuid = {7C3BECA9-04C6-43EA-A740-C20AF1AF7F2F}
	EndGlobalSection
EndGlobal
